// !$*UTF8*$!
{
	archiveVersion = 1;
	classes = {
	};
	objectVersion = 46;
	objects = {

/* Begin PBXBuildFile section */
		BCD46D8419AEB4E300A9B246 /* Foundation.framework in Frameworks */ = {isa = PBXBuildFile; fileRef = BCD46D8319AEB4E300A9B246 /* Foundation.framework */; };
		BCD46D8619AEB4E300A9B246 /* CoreGraphics.framework in Frameworks */ = {isa = PBXBuildFile; fileRef = BCD46D8519AEB4E300A9B246 /* CoreGraphics.framework */; };
		BCD46D8819AEB4E300A9B246 /* UIKit.framework in Frameworks */ = {isa = PBXBuildFile; fileRef = BCD46D8719AEB4E300A9B246 /* UIKit.framework */; };
		BCD46D8E19AEB4E300A9B246 /* InfoPlist.strings in Resources */ = {isa = PBXBuildFile; fileRef = BCD46D8C19AEB4E300A9B246 /* InfoPlist.strings */; };
		BCD46D9019AEB4E300A9B246 /* main.m in Sources */ = {isa = PBXBuildFile; fileRef = BCD46D8F19AEB4E300A9B246 /* main.m */; };
		BCD46D9419AEB4E300A9B246 /* AppDelegate.m in Sources */ = {isa = PBXBuildFile; fileRef = BCD46D9319AEB4E300A9B246 /* AppDelegate.m */; };
		BCD46D9719AEB4E300A9B246 /* Main.storyboard in Resources */ = {isa = PBXBuildFile; fileRef = BCD46D9519AEB4E300A9B246 /* Main.storyboard */; };
		BCD46D9A19AEB4E300A9B246 /* ViewController.m in Sources */ = {isa = PBXBuildFile; fileRef = BCD46D9919AEB4E300A9B246 /* ViewController.m */; };
		BCD46D9C19AEB4E300A9B246 /* Images.xcassets in Resources */ = {isa = PBXBuildFile; fileRef = BCD46D9B19AEB4E300A9B246 /* Images.xcassets */; };
		BCD46DA319AEB4E300A9B246 /* XCTest.framework in Frameworks */ = {isa = PBXBuildFile; fileRef = BCD46DA219AEB4E300A9B246 /* XCTest.framework */; };
		BCD46DA419AEB4E300A9B246 /* Foundation.framework in Frameworks */ = {isa = PBXBuildFile; fileRef = BCD46D8319AEB4E300A9B246 /* Foundation.framework */; };
		BCD46DA519AEB4E300A9B246 /* UIKit.framework in Frameworks */ = {isa = PBXBuildFile; fileRef = BCD46D8719AEB4E300A9B246 /* UIKit.framework */; };
		BCD46DAD19AEB4E300A9B246 /* InfoPlist.strings in Resources */ = {isa = PBXBuildFile; fileRef = BCD46DAB19AEB4E300A9B246 /* InfoPlist.strings */; };
		BCD46DAF19AEB4E300A9B246 /* GitDemoTests.m in Sources */ = {isa = PBXBuildFile; fileRef = BCD46DAE19AEB4E300A9B246 /* GitDemoTests.m */; };
/* End PBXBuildFile section */

/* Begin PBXContainerItemProxy section */
		BCD46DA619AEB4E300A9B246 /* PBXContainerItemProxy */ = {
			isa = PBXContainerItemProxy;
			containerPortal = BCD46D7819AEB4E200A9B246 /* Project object */;
			proxyType = 1;
			remoteGlobalIDString = BCD46D7F19AEB4E300A9B246;
			remoteInfo = GitDemo;
		};
/* End PBXContainerItemProxy section */

/* Begin PBXFileReference section */
		BCD46D8019AEB4E300A9B246 /* GitDemo.app */ = {isa = PBXFileReference; explicitFileType = wrapper.application; includeInIndex = 0; path = GitDemo.app; sourceTree = BUILT_PRODUCTS_DIR; };
		BCD46D8319AEB4E300A9B246 /* Foundation.framework */ = {isa = PBXFileReference; lastKnownFileType = wrapper.framework; name = Foundation.framework; path = System/Library/Frameworks/Foundation.framework; sourceTree = SDKROOT; };
		BCD46D8519AEB4E300A9B246 /* CoreGraphics.framework */ = {isa = PBXFileReference; lastKnownFileType = wrapper.framework; name = CoreGraphics.framework; path = System/Library/Frameworks/CoreGraphics.framework; sourceTree = SDKROOT; };
		BCD46D8719AEB4E300A9B246 /* UIKit.framework */ = {isa = PBXFileReference; lastKnownFileType = wrapper.framework; name = UIKit.framework; path = System/Library/Frameworks/UIKit.framework; sourceTree = SDKROOT; };
		BCD46D8B19AEB4E300A9B246 /* GitDemo-Info.plist */ = {isa = PBXFileReference; lastKnownFileType = text.plist.xml; path = "GitDemo-Info.plist"; sourceTree = "<group>"; };
		BCD46D8D19AEB4E300A9B246 /* en */ = {isa = PBXFileReference; lastKnownFileType = text.plist.strings; name = en; path = en.lproj/InfoPlist.strings; sourceTree = "<group>"; };
		BCD46D8F19AEB4E300A9B246 /* main.m */ = {isa = PBXFileReference; lastKnownFileType = sourcecode.c.objc; path = main.m; sourceTree = "<group>"; };
		BCD46D9119AEB4E300A9B246 /* GitDemo-Prefix.pch */ = {isa = PBXFileReference; lastKnownFileType = sourcecode.c.h; path = "GitDemo-Prefix.pch"; sourceTree = "<group>"; };
		BCD46D9219AEB4E300A9B246 /* AppDelegate.h */ = {isa = PBXFileReference; lastKnownFileType = sourcecode.c.h; path = AppDelegate.h; sourceTree = "<group>"; };
		BCD46D9319AEB4E300A9B246 /* AppDelegate.m */ = {isa = PBXFileReference; lastKnownFileType = sourcecode.c.objc; path = AppDelegate.m; sourceTree = "<group>"; };
		BCD46D9619AEB4E300A9B246 /* Base */ = {isa = PBXFileReference; lastKnownFileType = file.storyboard; name = Base; path = Base.lproj/Main.storyboard; sourceTree = "<group>"; };
		BCD46D9819AEB4E300A9B246 /* ViewController.h */ = {isa = PBXFileReference; lastKnownFileType = sourcecode.c.h; path = ViewController.h; sourceTree = "<group>"; };
		BCD46D9919AEB4E300A9B246 /* ViewController.m */ = {isa = PBXFileReference; lastKnownFileType = sourcecode.c.objc; path = ViewController.m; sourceTree = "<group>"; };
		BCD46D9B19AEB4E300A9B246 /* Images.xcassets */ = {isa = PBXFileReference; lastKnownFileType = folder.assetcatalog; path = Images.xcassets; sourceTree = "<group>"; };
		BCD46DA119AEB4E300A9B246 /* GitDemoTests.xctest */ = {isa = PBXFileReference; explicitFileType = wrapper.cfbundle; includeInIndex = 0; path = GitDemoTests.xctest; sourceTree = BUILT_PRODUCTS_DIR; };
		BCD46DA219AEB4E300A9B246 /* XCTest.framework */ = {isa = PBXFileReference; lastKnownFileType = wrapper.framework; name = XCTest.framework; path = Library/Frameworks/XCTest.framework; sourceTree = DEVELOPER_DIR; };
		BCD46DAA19AEB4E300A9B246 /* GitDemoTests-Info.plist */ = {isa = PBXFileReference; lastKnownFileType = text.plist.xml; path = "GitDemoTests-Info.plist"; sourceTree = "<group>"; };
		BCD46DAC19AEB4E300A9B246 /* en */ = {isa = PBXFileReference; lastKnownFileType = text.plist.strings; name = en; path = en.lproj/InfoPlist.strings; sourceTree = "<group>"; };
		BCD46DAE19AEB4E300A9B246 /* GitDemoTests.m */ = {isa = PBXFileReference; lastKnownFileType = sourcecode.c.objc; path = GitDemoTests.m; sourceTree = "<group>"; };
/* End PBXFileReference section */

/* Begin PBXFrameworksBuildPhase section */
		BCD46D7D19AEB4E300A9B246 /* Frameworks */ = {
			isa = PBXFrameworksBuildPhase;
			buildActionMask = 2147483647;
			files = (
				BCD46D8619AEB4E300A9B246 /* CoreGraphics.framework in Frameworks */,
				BCD46D8819AEB4E300A9B246 /* UIKit.framework in Frameworks */,
				BCD46D8419AEB4E300A9B246 /* Foundation.framework in Frameworks */,
			);
			runOnlyForDeploymentPostprocessing = 0;
		};
		BCD46D9E19AEB4E300A9B246 /* Frameworks */ = {
			isa = PBXFrameworksBuildPhase;
			buildActionMask = 2147483647;
			files = (
				BCD46DA319AEB4E300A9B246 /* XCTest.framework in Frameworks */,
				BCD46DA519AEB4E300A9B246 /* UIKit.framework in Frameworks */,
				BCD46DA419AEB4E300A9B246 /* Foundation.framework in Frameworks */,
			);
			runOnlyForDeploymentPostprocessing = 0;
		};
/* End PBXFrameworksBuildPhase section */

/* Begin PBXGroup section */
		BCD46D7719AEB4E200A9B246 = {
			isa = PBXGroup;
			children = (
				BCD46D8919AEB4E300A9B246 /* GitDemo */,
				BCD46DA819AEB4E300A9B246 /* GitDemoTests */,
				BCD46D8219AEB4E300A9B246 /* Frameworks */,
				BCD46D8119AEB4E300A9B246 /* Products */,
			);
			sourceTree = "<group>";
		};
		BCD46D8119AEB4E300A9B246 /* Products */ = {
			isa = PBXGroup;
			children = (
				BCD46D8019AEB4E300A9B246 /* GitDemo.app */,
				BCD46DA119AEB4E300A9B246 /* GitDemoTests.xctest */,
			);
			name = Products;
			sourceTree = "<group>";
		};
		BCD46D8219AEB4E300A9B246 /* Frameworks */ = {
			isa = PBXGroup;
			children = (
				BCD46D8319AEB4E300A9B246 /* Foundation.framework */,
				BCD46D8519AEB4E300A9B246 /* CoreGraphics.framework */,
				BCD46D8719AEB4E300A9B246 /* UIKit.framework */,
				BCD46DA219AEB4E300A9B246 /* XCTest.framework */,
			);
			name = Frameworks;
			sourceTree = "<group>";
		};
		BCD46D8919AEB4E300A9B246 /* GitDemo */ = {
			isa = PBXGroup;
			children = (
				BCD46D9219AEB4E300A9B246 /* AppDelegate.h */,
				BCD46D9319AEB4E300A9B246 /* AppDelegate.m */,
				BCD46D9519AEB4E300A9B246 /* Main.storyboard */,
				BCD46D9819AEB4E300A9B246 /* ViewController.h */,
				BCD46D9919AEB4E300A9B246 /* ViewController.m */,
				BCD46D9B19AEB4E300A9B246 /* Images.xcassets */,
				BCD46D8A19AEB4E300A9B246 /* Supporting Files */,
			);
			path = GitDemo;
			sourceTree = "<group>";
		};
		BCD46D8A19AEB4E300A9B246 /* Supporting Files */ = {
			isa = PBXGroup;
			children = (
				BCD46D8B19AEB4E300A9B246 /* GitDemo-Info.plist */,
				BCD46D8C19AEB4E300A9B246 /* InfoPlist.strings */,
				BCD46D8F19AEB4E300A9B246 /* main.m */,
				BCD46D9119AEB4E300A9B246 /* GitDemo-Prefix.pch */,
			);
			name = "Supporting Files";
			sourceTree = "<group>";
		};
		BCD46DA819AEB4E300A9B246 /* GitDemoTests */ = {
			isa = PBXGroup;
			children = (
				BCD46DAE19AEB4E300A9B246 /* GitDemoTests.m */,
				BCD46DA919AEB4E300A9B246 /* Supporting Files */,
			);
			path = GitDemoTests;
			sourceTree = "<group>";
		};
		BCD46DA919AEB4E300A9B246 /* Supporting Files */ = {
			isa = PBXGroup;
			children = (
				BCD46DAA19AEB4E300A9B246 /* GitDemoTests-Info.plist */,
				BCD46DAB19AEB4E300A9B246 /* InfoPlist.strings */,
			);
			name = "Supporting Files";
			sourceTree = "<group>";
		};
/* End PBXGroup section */

/* Begin PBXNativeTarget section */
		BCD46D7F19AEB4E300A9B246 /* GitDemo */ = {
			isa = PBXNativeTarget;
			buildConfigurationList = BCD46DB219AEB4E300A9B246 /* Build configuration list for PBXNativeTarget "GitDemo" */;
			buildPhases = (
				BCD46D7C19AEB4E300A9B246 /* Sources */,
				BCD46D7D19AEB4E300A9B246 /* Frameworks */,
				BCD46D7E19AEB4E300A9B246 /* Resources */,
			);
			buildRules = (
			);
			dependencies = (
			);
			name = GitDemo;
			productName = GitDemo;
			productReference = BCD46D8019AEB4E300A9B246 /* GitDemo.app */;
			productType = "com.apple.product-type.application";
		};
		BCD46DA019AEB4E300A9B246 /* GitDemoTests */ = {
			isa = PBXNativeTarget;
			buildConfigurationList = BCD46DB519AEB4E300A9B246 /* Build configuration list for PBXNativeTarget "GitDemoTests" */;
			buildPhases = (
				BCD46D9D19AEB4E300A9B246 /* Sources */,
				BCD46D9E19AEB4E300A9B246 /* Frameworks */,
				BCD46D9F19AEB4E300A9B246 /* Resources */,
			);
			buildRules = (
			);
			dependencies = (
				BCD46DA719AEB4E300A9B246 /* PBXTargetDependency */,
			);
			name = GitDemoTests;
			productName = GitDemoTests;
			productReference = BCD46DA119AEB4E300A9B246 /* GitDemoTests.xctest */;
			productType = "com.apple.product-type.bundle.unit-test";
		};
/* End PBXNativeTarget section */

/* Begin PBXProject section */
		BCD46D7819AEB4E200A9B246 /* Project object */ = {
			isa = PBXProject;
			attributes = {
				LastUpgradeCheck = 0510;
				ORGANIZATIONNAME = Brook;
				TargetAttributes = {
					BCD46DA019AEB4E300A9B246 = {
						TestTargetID = BCD46D7F19AEB4E300A9B246;
					};
				};
			};
			buildConfigurationList = BCD46D7B19AEB4E200A9B246 /* Build configuration list for PBXProject "GitDemo" */;
			compatibilityVersion = "Xcode 3.2";
			developmentRegion = English;
			hasScannedForEncodings = 0;
			knownRegions = (
				en,
				Base,
			);
			mainGroup = BCD46D7719AEB4E200A9B246;
			productRefGroup = BCD46D8119AEB4E300A9B246 /* Products */;
			projectDirPath = "";
			projectRoot = "";
			targets = (
				BCD46D7F19AEB4E300A9B246 /* GitDemo */,
				BCD46DA019AEB4E300A9B246 /* GitDemoTests */,
			);
		};
/* End PBXProject section */

/* Begin PBXResourcesBuildPhase section */
		BCD46D7E19AEB4E300A9B246 /* Resources */ = {
			isa = PBXResourcesBuildPhase;
			buildActionMask = 2147483647;
			files = (
				BCD46D9C19AEB4E300A9B246 /* Images.xcassets in Resources */,
				BCD46D8E19AEB4E300A9B246 /* InfoPlist.strings in Resources */,
				BCD46D9719AEB4E300A9B246 /* Main.storyboard in Resources */,
			);
			runOnlyForDeploymentPostprocessing = 0;
		};
		BCD46D9F19AEB4E300A9B246 /* Resources */ = {
			isa = PBXResourcesBuildPhase;
			buildActionMask = 2147483647;
			files = (
				BCD46DAD19AEB4E300A9B246 /* InfoPlist.strings in Resources */,
			);
			runOnlyForDeploymentPostprocessing = 0;
		};
/* End PBXResourcesBuildPhase section */

/* Begin PBXSourcesBuildPhase section */
		BCD46D7C19AEB4E300A9B246 /* Sources */ = {
			isa = PBXSourcesBuildPhase;
			buildActionMask = 2147483647;
			files = (
				BCD46D9A19AEB4E300A9B246 /* ViewController.m in Sources */,
				BCD46D9419AEB4E300A9B246 /* AppDelegate.m in Sources */,
				BCD46D9019AEB4E300A9B246 /* main.m in Sources */,
			);
			runOnlyForDeploymentPostprocessing = 0;
		};
		BCD46D9D19AEB4E300A9B246 /* Sources */ = {
			isa = PBXSourcesBuildPhase;
			buildActionMask = 2147483647;
			files = (
				BCD46DAF19AEB4E300A9B246 /* GitDemoTests.m in Sources */,
			);
			runOnlyForDeploymentPostprocessing = 0;
		};
/* End PBXSourcesBuildPhase section */

/* Begin PBXTargetDependency section */
		BCD46DA719AEB4E300A9B246 /* PBXTargetDependency */ = {
			isa = PBXTargetDependency;
			target = BCD46D7F19AEB4E300A9B246 /* GitDemo */;
			targetProxy = BCD46DA619AEB4E300A9B246 /* PBXContainerItemProxy */;
		};
/* End PBXTargetDependency section */

/* Begin PBXVariantGroup section */
		BCD46D8C19AEB4E300A9B246 /* InfoPlist.strings */ = {
			isa = PBXVariantGroup;
			children = (
				BCD46D8D19AEB4E300A9B246 /* en */,
			);
			name = InfoPlist.strings;
			sourceTree = "<group>";
		};
		BCD46D9519AEB4E300A9B246 /* Main.storyboard */ = {
			isa = PBXVariantGroup;
			children = (
				BCD46D9619AEB4E300A9B246 /* Base */,
			);
			name = Main.storyboard;
			sourceTree = "<group>";
		};
		BCD46DAB19AEB4E300A9B246 /* InfoPlist.strings */ = {
			isa = PBXVariantGroup;
			children = (
				BCD46DAC19AEB4E300A9B246 /* en */,
			);
			name = InfoPlist.strings;
			sourceTree = "<group>";
		};
/* End PBXVariantGroup section */

/* Begin XCBuildConfiguration section */
		BCD46DB019AEB4E300A9B246 /* Debug */ = {
			isa = XCBuildConfiguration;
			buildSettings = {
				ALWAYS_SEARCH_USER_PATHS = NO;
				CLANG_CXX_LANGUAGE_STANDARD = "gnu++0x";
				CLANG_CXX_LIBRARY = "libc++";
				CLANG_ENABLE_MODULES = YES;
				CLANG_ENABLE_OBJC_ARC = YES;
				CLANG_WARN_BOOL_CONVERSION = YES;
				CLANG_WARN_CONSTANT_CONVERSION = YES;
				CLANG_WARN_DIRECT_OBJC_ISA_USAGE = YES_ERROR;
				CLANG_WARN_EMPTY_BODY = YES;
				CLANG_WARN_ENUM_CONVERSION = YES;
				CLANG_WARN_INT_CONVERSION = YES;
				CLANG_WARN_OBJC_ROOT_CLASS = YES_ERROR;
				CLANG_WARN__DUPLICATE_METHOD_MATCH = YES;
				"CODE_SIGN_IDENTITY[sdk=iphoneos*]" = "iPhone Developer";
				COPY_PHASE_STRIP = NO;
				GCC_C_LANGUAGE_STANDARD = gnu99;
				GCC_DYNAMIC_NO_PIC = NO;
				GCC_OPTIMIZATION_LEVEL = 0;
				GCC_PREPROCESSOR_DEFINITIONS = (
					"DEBUG=1",
					"$(inherited)",
				);
				GCC_SYMBOLS_PRIVATE_EXTERN = NO;
				GCC_WARN_64_TO_32_BIT_CONVERSION = YES;
				GCC_WARN_ABOUT_RETURN_TYPE = YES_ERROR;
				GCC_WARN_UNDECLARED_SELECTOR = YES;
				GCC_WARN_UNINITIALIZED_AUTOS = YES_AGGRESSIVE;
				GCC_WARN_UNUSED_FUNCTION = YES;
				GCC_WARN_UNUSED_VARIABLE = YES;
				IPHONEOS_DEPLOYMENT_TARGET = 7.1;
				ONLY_ACTIVE_ARCH = YES;
				SDKROOT = iphoneos;
			};
			name = Debug;
		};
		BCD46DB119AEB4E300A9B246 /* Release */ = {
			isa = XCBuildConfiguration;
			buildSettings = {
				ALWAYS_SEARCH_USER_PATHS = NO;
				CLANG_CXX_LANGUAGE_STANDARD = "gnu++0x";
				CLANG_CXX_LIBRARY = "libc++";
				CLANG_ENABLE_MODULES = YES;
				CLANG_ENABLE_OBJC_ARC = YES;
				CLANG_WARN_BOOL_CONVERSION = YES;
				CLANG_WARN_CONSTANT_CONVERSION = YES;
				CLANG_WARN_DIRECT_OBJC_ISA_USAGE = YES_ERROR;
				CLANG_WARN_EMPTY_BODY = YES;
				CLANG_WARN_ENUM_CONVERSION = YES;
				CLANG_WARN_INT_CONVERSION = YES;
				CLANG_WARN_OBJC_ROOT_CLASS = YES_ERROR;
				CLANG_WARN__DUPLICATE_METHOD_MATCH = YES;
				"CODE_SIGN_IDENTITY[sdk=iphoneos*]" = "iPhone Developer";
				COPY_PHASE_STRIP = YES;
				ENABLE_NS_ASSERTIONS = NO;
				GCC_C_LANGUAGE_STANDARD = gnu99;
				GCC_WARN_64_TO_32_BIT_CONVERSION = YES;
				GCC_WARN_ABOUT_RETURN_TYPE = YES_ERROR;
				GCC_WARN_UNDECLARED_SELECTOR = YES;
				GCC_WARN_UNINITIALIZED_AUTOS = YES_AGGRESSIVE;
				GCC_WARN_UNUSED_FUNCTION = YES;
				GCC_WARN_UNUSED_VARIABLE = YES;
				IPHONEOS_DEPLOYMENT_TARGET = 7.1;
				SDKROOT = iphoneos;
				VALIDATE_PRODUCT = YES;
			};
			name = Release;
		};
		BCD46DB319AEB4E300A9B246 /* Debug */ = {
			isa = XCBuildConfiguration;
			buildSettings = {
				ASSETCATALOG_COMPILER_APPICON_NAME = AppIcon;
				ASSETCATALOG_COMPILER_LAUNCHIMAGE_NAME = LaunchImage;
				GCC_PRECOMPILE_PREFIX_HEADER = YES;
				GCC_PREFIX_HEADER = "GitDemo/GitDemo-Prefix.pch";
				INFOPLIST_FILE = "GitDemo/GitDemo-Info.plist";
				PRODUCT_NAME = "$(TARGET_NAME)";
				WRAPPER_EXTENSION = app;
			};
			name = Debug;
		};
		BCD46DB419AEB4E300A9B246 /* Release */ = {
			isa = XCBuildConfiguration;
			buildSettings = {
				ASSETCATALOG_COMPILER_APPICON_NAME = AppIcon;
				ASSETCATALOG_COMPILER_LAUNCHIMAGE_NAME = LaunchImage;
				GCC_PRECOMPILE_PREFIX_HEADER = YES;
				GCC_PREFIX_HEADER = "GitDemo/GitDemo-Prefix.pch";
				INFOPLIST_FILE = "GitDemo/GitDemo-Info.plist";
				PRODUCT_NAME = "$(TARGET_NAME)";
				WRAPPER_EXTENSION = app;
			};
			name = Release;
		};
		BCD46DB619AEB4E300A9B246 /* Debug */ = {
			isa = XCBuildConfiguration;
			buildSettings = {
				BUNDLE_LOADER = "$(BUILT_PRODUCTS_DIR)/GitDemo.app/GitDemo";
				FRAMEWORK_SEARCH_PATHS = (
					"$(SDKROOT)/Developer/Library/Frameworks",
					"$(inherited)",
					"$(DEVELOPER_FRAMEWORKS_DIR)",
				);
				GCC_PRECOMPILE_PREFIX_HEADER = YES;
				GCC_PREFIX_HEADER = "GitDemo/GitDemo-Prefix.pch";
				GCC_PREPROCESSOR_DEFINITIONS = (
					"DEBUG=1",
					"$(inherited)",
				);
				INFOPLIST_FILE = "GitDemoTests/GitDemoTests-Info.plist";
				PRODUCT_NAME = "$(TARGET_NAME)";
				TEST_HOST = "$(BUNDLE_LOADER)";
				WRAPPER_EXTENSION = xctest;
			};
			name = Debug;
		};
		BCD46DB719AEB4E300A9B246 /* Release */ = {
			isa = XCBuildConfiguration;
			buildSettings = {
				BUNDLE_LOADER = "$(BUILT_PRODUCTS_DIR)/GitDemo.app/GitDemo";
				FRAMEWORK_SEARCH_PATHS = (
					"$(SDKROOT)/Developer/Library/Frameworks",
					"$(inherited)",
					"$(DEVELOPER_FRAMEWORKS_DIR)",
				);
				GCC_PRECOMPILE_PREFIX_HEADER = YES;
				GCC_PREFIX_HEADER = "GitDemo/GitDemo-Prefix.pch";
				INFOPLIST_FILE = "GitDemoTests/GitDemoTests-Info.plist";
				PRODUCT_NAME = "$(TARGET_NAME)";
				TEST_HOST = "$(BUNDLE_LOADER)";
				WRAPPER_EXTENSION = xctest;
			};
			name = Release;
		};
/* End XCBuildConfiguration section */

/* Begin XCConfigurationList section */
		BCD46D7B19AEB4E200A9B246 /* Build configuration list for PBXProject "GitDemo" */ = {
			isa = XCConfigurationList;
			buildConfigurations = (
				BCD46DB019AEB4E300A9B246 /* Debug */,
				BCD46DB119AEB4E300A9B246 /* Release */,
			);
			defaultConfigurationIsVisible = 0;
			defaultConfigurationName = Release;
		};
		BCD46DB219AEB4E300A9B246 /* Build configuration list for PBXNativeTarget "GitDemo" */ = {
			isa = XCConfigurationList;
			buildConfigurations = (
				BCD46DB319AEB4E300A9B246 /* Debug */,
				BCD46DB419AEB4E300A9B246 /* Release */,
			);
			defaultConfigurationIsVisible = 0;
		};
		BCD46DB519AEB4E300A9B246 /* Build configuration list for PBXNativeTarget "GitDemoTests" */ = {
			isa = XCConfigurationList;
			buildConfigurations = (
				BCD46DB619AEB4E300A9B246 /* Debug */,
				BCD46DB719AEB4E300A9B246 /* Release */,
			);
			defaultConfigurationIsVisible = 0;
		};
/* End XCConfigurationList section */
	};
	rootObject = BCD46D7819AEB4E200A9B246 /* Project object */;
}
